
Microsoft Visual Studio Solution File, Format Version 12.00
# Visual Studio Version 17
VisualStudioVersion = 17.7.34202.233
MinimumVisualStudioVersion = 10.0.40219.1
Project("{9A19103F-16F7-4668-BE54-9A1E7A4F7556}") = "Componentes", "Componentes\Componentes.csproj", "{AE7D9E9A-8AE5-42BA-87E9-480D613B86DB}"
EndProject
Project("{FAE04EC0-301F-11D3-BF4B-00C04F79EFBC}") = "WF_AdoNet", "WF_AdoNet\WF_AdoNet.csproj", "{9AB110A5-4F5E-4E85-85BE-1E1498027B75}"
EndProject
Global
	GlobalSection(SolutionConfigurationPlatforms) = preSolution
		Debug|Any CPU = Debug|Any CPU
		Release|Any CPU = Release|Any CPU
	EndGlobalSection
	GlobalSection(ProjectConfigurationPlatforms) = postSolution
		{AE7D9E9A-8AE5-42BA-87E9-480D613B86DB}.Debug|Any CPU.ActiveCfg = Debug|Any CPU
		{AE7D9E9A-8AE5-42BA-87E9-480D613B86DB}.Debug|Any CPU.Build.0 = Debug|Any CPU
		{AE7D9E9A-8AE5-42BA-87E9-480D613B86DB}.Release|Any CPU.ActiveCfg = Release|Any CPU
		{AE7D9E9A-8AE5-42BA-87E9-480D613B86DB}.Release|Any CPU.Build.0 = Release|Any CPU
		{9AB110A5-4F5E-4E85-85BE-1E1498027B75}.Debug|Any CPU.ActiveCfg = Debug|Any CPU
		{9AB110A5-4F5E-4E85-85BE-1E1498027B75}.Debug|Any CPU.Build.0 = Debug|Any CPU
		{9AB110A5-4F5E-4E85-85BE-1E1498027B75}.Release|Any CPU.ActiveCfg = Release|Any CPU
		{9AB110A5-4F5E-4E85-85BE-1E1498027B75}.Release|Any CPU.Build.0 = Release|Any CPU
	EndGlobalSection
	GlobalSection(SolutionProperties) = preSolution
		HideSolutionNode = FALSE
	EndGlobalSection
	GlobalSection(ExtensibilityGlobals) = postSolution
		SolutionGuid = {1A186A4E-5938-4004-9ACD-B0ECAE942354}
	EndGlobalSection
EndGlobal
