
Microsoft Visual Studio Solution File, Format Version 12.00
# Visual Studio Version 17
VisualStudioVersion = 17.7.34202.233
MinimumVisualStudioVersion = 10.0.40219.1
Project("{9A19103F-16F7-4668-BE54-9A1E7A4F7556}") = "Exercicio01", "Exercicio01\Exercicio01.csproj", "{DD984282-A187-4D04-B84D-97C9EF0F4EC6}"
EndProject
Project("{2150E333-8FDC-42A3-9474-1A3956D46DE8}") = "Lista01", "Lista01", "{DDE66A17-5138-4441-BCA9-1D2C3231B84B}"
EndProject
Project("{9A19103F-16F7-4668-BE54-9A1E7A4F7556}") = "Exercicio02", "Exercicio02\Exercicio02.csproj", "{2ACFC547-2D3C-4FF7-B119-6792C22A961E}"
EndProject
Project("{9A19103F-16F7-4668-BE54-9A1E7A4F7556}") = "Exercicio03", "Exercicio03\Exercicio03.csproj", "{394CFE30-B283-4EAE-950E-441E371BC386}"
EndProject
Project("{9A19103F-16F7-4668-BE54-9A1E7A4F7556}") = "Exercicio04", "Exercicio04\Exercicio04.csproj", "{23EAFC54-AF34-49B6-8CB3-2A2C68BA1678}"
EndProject
Project("{9A19103F-16F7-4668-BE54-9A1E7A4F7556}") = "Exercicio05", "Exercicio05\Exercicio05.csproj", "{433C9EC9-6758-4368-8BC4-67A154E283D4}"
EndProject
Project("{9A19103F-16F7-4668-BE54-9A1E7A4F7556}") = "Exercicio06", "Exercicio06\Exercicio06.csproj", "{B523735C-AF49-44F4-A611-CDA4510DC58B}"
EndProject
Project("{9A19103F-16F7-4668-BE54-9A1E7A4F7556}") = "Exercicio07", "Exercicio07\Exercicio07.csproj", "{3A66809E-703E-4699-9CE6-796DA8B053FB}"
EndProject
Project("{9A19103F-16F7-4668-BE54-9A1E7A4F7556}") = "Exercicio08", "Exercicio08\Exercicio08.csproj", "{A12241BC-ACE2-4D66-A917-876F28447225}"
EndProject
Project("{9A19103F-16F7-4668-BE54-9A1E7A4F7556}") = "Exercicio09", "Exercicio09\Exercicio09.csproj", "{491D0A1B-28F5-4C7C-999C-3D2A19F88CE7}"
EndProject
Project("{2150E333-8FDC-42A3-9474-1A3956D46DE8}") = "Lista02", "Lista02", "{546907FC-6613-4662-A7BC-1D69F784117D}"
EndProject
Project("{9A19103F-16F7-4668-BE54-9A1E7A4F7556}") = "Exercicio10", "Exercicio10\Exercicio10.csproj", "{66339FC7-1D12-4978-8BBD-478F8E64E72A}"
EndProject
Project("{9A19103F-16F7-4668-BE54-9A1E7A4F7556}") = "Exercicio11", "Exercicio11\Exercicio11.csproj", "{91E25105-86AF-4050-9DAB-6E845BA16050}"
EndProject
Project("{9A19103F-16F7-4668-BE54-9A1E7A4F7556}") = "Exercicio12", "Exercicio12\Exercicio12.csproj", "{43BE8A6D-836E-451C-86D8-8974140A2045}"
EndProject
Project("{9A19103F-16F7-4668-BE54-9A1E7A4F7556}") = "Exercicio13", "Exercicio13\Exercicio13.csproj", "{17133D14-EB71-4C56-B154-92116263E1A7}"
EndProject
Project("{9A19103F-16F7-4668-BE54-9A1E7A4F7556}") = "Exercicio14", "Exercicio14\Exercicio14.csproj", "{E5973BBC-B4CA-41D5-A378-25CA94F89679}"
EndProject
Project("{9A19103F-16F7-4668-BE54-9A1E7A4F7556}") = "Exercicio15", "Exercicio15\Exercicio15.csproj", "{5735C0EE-C201-4FFC-B868-A06E1FA9E1DE}"
EndProject
Project("{9A19103F-16F7-4668-BE54-9A1E7A4F7556}") = "Exercicio16", "Exercicio16\Exercicio16.csproj", "{03820F71-AEB2-424D-8FCE-714CAA871A0E}"
EndProject
Global
	GlobalSection(SolutionConfigurationPlatforms) = preSolution
		Debug|Any CPU = Debug|Any CPU
		Release|Any CPU = Release|Any CPU
	EndGlobalSection
	GlobalSection(ProjectConfigurationPlatforms) = postSolution
		{DD984282-A187-4D04-B84D-97C9EF0F4EC6}.Debug|Any CPU.ActiveCfg = Debug|Any CPU
		{DD984282-A187-4D04-B84D-97C9EF0F4EC6}.Debug|Any CPU.Build.0 = Debug|Any CPU
		{DD984282-A187-4D04-B84D-97C9EF0F4EC6}.Release|Any CPU.ActiveCfg = Release|Any CPU
		{DD984282-A187-4D04-B84D-97C9EF0F4EC6}.Release|Any CPU.Build.0 = Release|Any CPU
		{2ACFC547-2D3C-4FF7-B119-6792C22A961E}.Debug|Any CPU.ActiveCfg = Debug|Any CPU
		{2ACFC547-2D3C-4FF7-B119-6792C22A961E}.Debug|Any CPU.Build.0 = Debug|Any CPU
		{2ACFC547-2D3C-4FF7-B119-6792C22A961E}.Release|Any CPU.ActiveCfg = Release|Any CPU
		{2ACFC547-2D3C-4FF7-B119-6792C22A961E}.Release|Any CPU.Build.0 = Release|Any CPU
		{394CFE30-B283-4EAE-950E-441E371BC386}.Debug|Any CPU.ActiveCfg = Debug|Any CPU
		{394CFE30-B283-4EAE-950E-441E371BC386}.Debug|Any CPU.Build.0 = Debug|Any CPU
		{394CFE30-B283-4EAE-950E-441E371BC386}.Release|Any CPU.ActiveCfg = Release|Any CPU
		{394CFE30-B283-4EAE-950E-441E371BC386}.Release|Any CPU.Build.0 = Release|Any CPU
		{23EAFC54-AF34-49B6-8CB3-2A2C68BA1678}.Debug|Any CPU.ActiveCfg = Debug|Any CPU
		{23EAFC54-AF34-49B6-8CB3-2A2C68BA1678}.Debug|Any CPU.Build.0 = Debug|Any CPU
		{23EAFC54-AF34-49B6-8CB3-2A2C68BA1678}.Release|Any CPU.ActiveCfg = Release|Any CPU
		{23EAFC54-AF34-49B6-8CB3-2A2C68BA1678}.Release|Any CPU.Build.0 = Release|Any CPU
		{433C9EC9-6758-4368-8BC4-67A154E283D4}.Debug|Any CPU.ActiveCfg = Debug|Any CPU
		{433C9EC9-6758-4368-8BC4-67A154E283D4}.Debug|Any CPU.Build.0 = Debug|Any CPU
		{433C9EC9-6758-4368-8BC4-67A154E283D4}.Release|Any CPU.ActiveCfg = Release|Any CPU
		{433C9EC9-6758-4368-8BC4-67A154E283D4}.Release|Any CPU.Build.0 = Release|Any CPU
		{B523735C-AF49-44F4-A611-CDA4510DC58B}.Debug|Any CPU.ActiveCfg = Debug|Any CPU
		{B523735C-AF49-44F4-A611-CDA4510DC58B}.Debug|Any CPU.Build.0 = Debug|Any CPU
		{B523735C-AF49-44F4-A611-CDA4510DC58B}.Release|Any CPU.ActiveCfg = Release|Any CPU
		{B523735C-AF49-44F4-A611-CDA4510DC58B}.Release|Any CPU.Build.0 = Release|Any CPU
		{3A66809E-703E-4699-9CE6-796DA8B053FB}.Debug|Any CPU.ActiveCfg = Debug|Any CPU
		{3A66809E-703E-4699-9CE6-796DA8B053FB}.Debug|Any CPU.Build.0 = Debug|Any CPU
		{3A66809E-703E-4699-9CE6-796DA8B053FB}.Release|Any CPU.ActiveCfg = Release|Any CPU
		{3A66809E-703E-4699-9CE6-796DA8B053FB}.Release|Any CPU.Build.0 = Release|Any CPU
		{A12241BC-ACE2-4D66-A917-876F28447225}.Debug|Any CPU.ActiveCfg = Debug|Any CPU
		{A12241BC-ACE2-4D66-A917-876F28447225}.Debug|Any CPU.Build.0 = Debug|Any CPU
		{A12241BC-ACE2-4D66-A917-876F28447225}.Release|Any CPU.ActiveCfg = Release|Any CPU
		{A12241BC-ACE2-4D66-A917-876F28447225}.Release|Any CPU.Build.0 = Release|Any CPU
		{491D0A1B-28F5-4C7C-999C-3D2A19F88CE7}.Debug|Any CPU.ActiveCfg = Debug|Any CPU
		{491D0A1B-28F5-4C7C-999C-3D2A19F88CE7}.Debug|Any CPU.Build.0 = Debug|Any CPU
		{491D0A1B-28F5-4C7C-999C-3D2A19F88CE7}.Release|Any CPU.ActiveCfg = Release|Any CPU
		{491D0A1B-28F5-4C7C-999C-3D2A19F88CE7}.Release|Any CPU.Build.0 = Release|Any CPU
		{66339FC7-1D12-4978-8BBD-478F8E64E72A}.Debug|Any CPU.ActiveCfg = Debug|Any CPU
		{66339FC7-1D12-4978-8BBD-478F8E64E72A}.Debug|Any CPU.Build.0 = Debug|Any CPU
		{66339FC7-1D12-4978-8BBD-478F8E64E72A}.Release|Any CPU.ActiveCfg = Release|Any CPU
		{66339FC7-1D12-4978-8BBD-478F8E64E72A}.Release|Any CPU.Build.0 = Release|Any CPU
		{91E25105-86AF-4050-9DAB-6E845BA16050}.Debug|Any CPU.ActiveCfg = Debug|Any CPU
		{91E25105-86AF-4050-9DAB-6E845BA16050}.Debug|Any CPU.Build.0 = Debug|Any CPU
		{91E25105-86AF-4050-9DAB-6E845BA16050}.Release|Any CPU.ActiveCfg = Release|Any CPU
		{91E25105-86AF-4050-9DAB-6E845BA16050}.Release|Any CPU.Build.0 = Release|Any CPU
		{43BE8A6D-836E-451C-86D8-8974140A2045}.Debug|Any CPU.ActiveCfg = Debug|Any CPU
		{43BE8A6D-836E-451C-86D8-8974140A2045}.Debug|Any CPU.Build.0 = Debug|Any CPU
		{43BE8A6D-836E-451C-86D8-8974140A2045}.Release|Any CPU.ActiveCfg = Release|Any CPU
		{43BE8A6D-836E-451C-86D8-8974140A2045}.Release|Any CPU.Build.0 = Release|Any CPU
		{17133D14-EB71-4C56-B154-92116263E1A7}.Debug|Any CPU.ActiveCfg = Debug|Any CPU
		{17133D14-EB71-4C56-B154-92116263E1A7}.Debug|Any CPU.Build.0 = Debug|Any CPU
		{17133D14-EB71-4C56-B154-92116263E1A7}.Release|Any CPU.ActiveCfg = Release|Any CPU
		{17133D14-EB71-4C56-B154-92116263E1A7}.Release|Any CPU.Build.0 = Release|Any CPU
		{E5973BBC-B4CA-41D5-A378-25CA94F89679}.Debug|Any CPU.ActiveCfg = Debug|Any CPU
		{E5973BBC-B4CA-41D5-A378-25CA94F89679}.Debug|Any CPU.Build.0 = Debug|Any CPU
		{E5973BBC-B4CA-41D5-A378-25CA94F89679}.Release|Any CPU.ActiveCfg = Release|Any CPU
		{E5973BBC-B4CA-41D5-A378-25CA94F89679}.Release|Any CPU.Build.0 = Release|Any CPU
		{5735C0EE-C201-4FFC-B868-A06E1FA9E1DE}.Debug|Any CPU.ActiveCfg = Debug|Any CPU
		{5735C0EE-C201-4FFC-B868-A06E1FA9E1DE}.Debug|Any CPU.Build.0 = Debug|Any CPU
		{5735C0EE-C201-4FFC-B868-A06E1FA9E1DE}.Release|Any CPU.ActiveCfg = Release|Any CPU
		{5735C0EE-C201-4FFC-B868-A06E1FA9E1DE}.Release|Any CPU.Build.0 = Release|Any CPU
		{03820F71-AEB2-424D-8FCE-714CAA871A0E}.Debug|Any CPU.ActiveCfg = Debug|Any CPU
		{03820F71-AEB2-424D-8FCE-714CAA871A0E}.Debug|Any CPU.Build.0 = Debug|Any CPU
		{03820F71-AEB2-424D-8FCE-714CAA871A0E}.Release|Any CPU.ActiveCfg = Release|Any CPU
		{03820F71-AEB2-424D-8FCE-714CAA871A0E}.Release|Any CPU.Build.0 = Release|Any CPU
	EndGlobalSection
	GlobalSection(SolutionProperties) = preSolution
		HideSolutionNode = FALSE
	EndGlobalSection
	GlobalSection(NestedProjects) = preSolution
		{DD984282-A187-4D04-B84D-97C9EF0F4EC6} = {DDE66A17-5138-4441-BCA9-1D2C3231B84B}
		{2ACFC547-2D3C-4FF7-B119-6792C22A961E} = {DDE66A17-5138-4441-BCA9-1D2C3231B84B}
		{394CFE30-B283-4EAE-950E-441E371BC386} = {DDE66A17-5138-4441-BCA9-1D2C3231B84B}
		{23EAFC54-AF34-49B6-8CB3-2A2C68BA1678} = {DDE66A17-5138-4441-BCA9-1D2C3231B84B}
		{433C9EC9-6758-4368-8BC4-67A154E283D4} = {DDE66A17-5138-4441-BCA9-1D2C3231B84B}
		{B523735C-AF49-44F4-A611-CDA4510DC58B} = {DDE66A17-5138-4441-BCA9-1D2C3231B84B}
		{3A66809E-703E-4699-9CE6-796DA8B053FB} = {DDE66A17-5138-4441-BCA9-1D2C3231B84B}
		{A12241BC-ACE2-4D66-A917-876F28447225} = {DDE66A17-5138-4441-BCA9-1D2C3231B84B}
		{491D0A1B-28F5-4C7C-999C-3D2A19F88CE7} = {DDE66A17-5138-4441-BCA9-1D2C3231B84B}
		{66339FC7-1D12-4978-8BBD-478F8E64E72A} = {546907FC-6613-4662-A7BC-1D69F784117D}
		{91E25105-86AF-4050-9DAB-6E845BA16050} = {546907FC-6613-4662-A7BC-1D69F784117D}
		{43BE8A6D-836E-451C-86D8-8974140A2045} = {546907FC-6613-4662-A7BC-1D69F784117D}
		{17133D14-EB71-4C56-B154-92116263E1A7} = {546907FC-6613-4662-A7BC-1D69F784117D}
		{E5973BBC-B4CA-41D5-A378-25CA94F89679} = {546907FC-6613-4662-A7BC-1D69F784117D}
		{5735C0EE-C201-4FFC-B868-A06E1FA9E1DE} = {546907FC-6613-4662-A7BC-1D69F784117D}
		{03820F71-AEB2-424D-8FCE-714CAA871A0E} = {546907FC-6613-4662-A7BC-1D69F784117D}
	EndGlobalSection
	GlobalSection(ExtensibilityGlobals) = postSolution
		SolutionGuid = {3A2E325B-13DE-41C8-9F2D-2791CCC02211}
	EndGlobalSection
EndGlobal
