
Microsoft Visual Studio Solution File, Format Version 12.00
# Visual Studio Version 17
VisualStudioVersion = 17.8.34309.116
MinimumVisualStudioVersion = 10.0.40219.1
Project("{FAE04EC0-301F-11D3-BF4B-00C04F79EFBC}") = "Singleton", "Singleton\Singleton.csproj", "{55B26559-1DA4-4B15-9DC5-8A18B381E66E}"
EndProject
Project("{FAE04EC0-301F-11D3-BF4B-00C04F79EFBC}") = "FactoryMethod", "FactoryMethod\FactoryMethod.csproj", "{068AB27F-A880-441F-BFDB-9D10DC6FD1FF}"
EndProject
Project("{2150E333-8FDC-42A3-9474-1A3956D46DE8}") = "PadroesCriacionais", "PadroesCriacionais", "{4AA4AFD9-2D19-4EEF-8399-14A532C3860D}"
EndProject
Project("{2150E333-8FDC-42A3-9474-1A3956D46DE8}") = "PadroesEstruturais", "PadroesEstruturais", "{FA4A46BC-55B1-4CCD-B64A-8DF2A00E79F3}"
EndProject
Project("{FAE04EC0-301F-11D3-BF4B-00C04F79EFBC}") = "Facede", "Facede\Facede.csproj", "{8D710D5D-DE32-4678-A6F2-BF8AF66E7CEE}"
EndProject
Project("{FAE04EC0-301F-11D3-BF4B-00C04F79EFBC}") = "Proxy", "Proxy\Proxy.csproj", "{1BADC7DC-FE85-4793-B967-D39F5CCB9D3C}"
EndProject
Global
	GlobalSection(SolutionConfigurationPlatforms) = preSolution
		Debug|Any CPU = Debug|Any CPU
		Release|Any CPU = Release|Any CPU
	EndGlobalSection
	GlobalSection(ProjectConfigurationPlatforms) = postSolution
		{55B26559-1DA4-4B15-9DC5-8A18B381E66E}.Debug|Any CPU.ActiveCfg = Debug|Any CPU
		{55B26559-1DA4-4B15-9DC5-8A18B381E66E}.Debug|Any CPU.Build.0 = Debug|Any CPU
		{55B26559-1DA4-4B15-9DC5-8A18B381E66E}.Release|Any CPU.ActiveCfg = Release|Any CPU
		{55B26559-1DA4-4B15-9DC5-8A18B381E66E}.Release|Any CPU.Build.0 = Release|Any CPU
		{068AB27F-A880-441F-BFDB-9D10DC6FD1FF}.Debug|Any CPU.ActiveCfg = Debug|Any CPU
		{068AB27F-A880-441F-BFDB-9D10DC6FD1FF}.Debug|Any CPU.Build.0 = Debug|Any CPU
		{068AB27F-A880-441F-BFDB-9D10DC6FD1FF}.Release|Any CPU.ActiveCfg = Release|Any CPU
		{068AB27F-A880-441F-BFDB-9D10DC6FD1FF}.Release|Any CPU.Build.0 = Release|Any CPU
		{8D710D5D-DE32-4678-A6F2-BF8AF66E7CEE}.Debug|Any CPU.ActiveCfg = Debug|Any CPU
		{8D710D5D-DE32-4678-A6F2-BF8AF66E7CEE}.Debug|Any CPU.Build.0 = Debug|Any CPU
		{8D710D5D-DE32-4678-A6F2-BF8AF66E7CEE}.Release|Any CPU.ActiveCfg = Release|Any CPU
		{8D710D5D-DE32-4678-A6F2-BF8AF66E7CEE}.Release|Any CPU.Build.0 = Release|Any CPU
		{1BADC7DC-FE85-4793-B967-D39F5CCB9D3C}.Debug|Any CPU.ActiveCfg = Debug|Any CPU
		{1BADC7DC-FE85-4793-B967-D39F5CCB9D3C}.Debug|Any CPU.Build.0 = Debug|Any CPU
		{1BADC7DC-FE85-4793-B967-D39F5CCB9D3C}.Release|Any CPU.ActiveCfg = Release|Any CPU
		{1BADC7DC-FE85-4793-B967-D39F5CCB9D3C}.Release|Any CPU.Build.0 = Release|Any CPU
	EndGlobalSection
	GlobalSection(SolutionProperties) = preSolution
		HideSolutionNode = FALSE
	EndGlobalSection
	GlobalSection(NestedProjects) = preSolution
		{55B26559-1DA4-4B15-9DC5-8A18B381E66E} = {4AA4AFD9-2D19-4EEF-8399-14A532C3860D}
		{068AB27F-A880-441F-BFDB-9D10DC6FD1FF} = {4AA4AFD9-2D19-4EEF-8399-14A532C3860D}
		{8D710D5D-DE32-4678-A6F2-BF8AF66E7CEE} = {FA4A46BC-55B1-4CCD-B64A-8DF2A00E79F3}
		{1BADC7DC-FE85-4793-B967-D39F5CCB9D3C} = {FA4A46BC-55B1-4CCD-B64A-8DF2A00E79F3}
	EndGlobalSection
	GlobalSection(ExtensibilityGlobals) = postSolution
		SolutionGuid = {CA4F7520-FBC0-456F-A497-ED87473F48A0}
	EndGlobalSection
EndGlobal
