
Microsoft Visual Studio Solution File, Format Version 12.00
# Visual Studio Version 17
VisualStudioVersion = 17.7.34202.233
MinimumVisualStudioVersion = 10.0.40219.1
Project("{FAE04EC0-301F-11D3-BF4B-00C04F79EFBC}") = "ExemploAnimais", "ExemploAnimais\ExemploAnimais.csproj", "{C88BC211-EC2D-4B28-82B1-A93E6B74456C}"
EndProject
Project("{FAE04EC0-301F-11D3-BF4B-00C04F79EFBC}") = "Banco", "Banco\Banco.csproj", "{DEA2E328-C97C-4429-B489-2E2AD45036F2}"
EndProject
Global
	GlobalSection(SolutionConfigurationPlatforms) = preSolution
		Debug|Any CPU = Debug|Any CPU
		Release|Any CPU = Release|Any CPU
	EndGlobalSection
	GlobalSection(ProjectConfigurationPlatforms) = postSolution
		{C88BC211-EC2D-4B28-82B1-A93E6B74456C}.Debug|Any CPU.ActiveCfg = Debug|Any CPU
		{C88BC211-EC2D-4B28-82B1-A93E6B74456C}.Debug|Any CPU.Build.0 = Debug|Any CPU
		{C88BC211-EC2D-4B28-82B1-A93E6B74456C}.Release|Any CPU.ActiveCfg = Release|Any CPU
		{C88BC211-EC2D-4B28-82B1-A93E6B74456C}.Release|Any CPU.Build.0 = Release|Any CPU
		{DEA2E328-C97C-4429-B489-2E2AD45036F2}.Debug|Any CPU.ActiveCfg = Debug|Any CPU
		{DEA2E328-C97C-4429-B489-2E2AD45036F2}.Debug|Any CPU.Build.0 = Debug|Any CPU
		{DEA2E328-C97C-4429-B489-2E2AD45036F2}.Release|Any CPU.ActiveCfg = Release|Any CPU
		{DEA2E328-C97C-4429-B489-2E2AD45036F2}.Release|Any CPU.Build.0 = Release|Any CPU
	EndGlobalSection
	GlobalSection(SolutionProperties) = preSolution
		HideSolutionNode = FALSE
	EndGlobalSection
	GlobalSection(ExtensibilityGlobals) = postSolution
		SolutionGuid = {FC28566F-4E5B-4D05-8346-38A0DD6469D5}
	EndGlobalSection
EndGlobal
