
Microsoft Visual Studio Solution File, Format Version 12.00
# Visual Studio Version 17
VisualStudioVersion = 17.8.34330.188
MinimumVisualStudioVersion = 10.0.40219.1
Project("{FAE04EC0-301F-11D3-BF4B-00C04F79EFBC}") = "ConsoleAppConsumirAPI", "ConsoleAppConsumirAPI\ConsoleAppConsumirAPI.csproj", "{AFA19316-49C8-40FD-822E-43002B85E892}"
EndProject
Global
	GlobalSection(SolutionConfigurationPlatforms) = preSolution
		Debug|Any CPU = Debug|Any CPU
		Release|Any CPU = Release|Any CPU
	EndGlobalSection
	GlobalSection(ProjectConfigurationPlatforms) = postSolution
		{AFA19316-49C8-40FD-822E-43002B85E892}.Debug|Any CPU.ActiveCfg = Debug|Any CPU
		{AFA19316-49C8-40FD-822E-43002B85E892}.Debug|Any CPU.Build.0 = Debug|Any CPU
		{AFA19316-49C8-40FD-822E-43002B85E892}.Release|Any CPU.ActiveCfg = Release|Any CPU
		{AFA19316-49C8-40FD-822E-43002B85E892}.Release|Any CPU.Build.0 = Release|Any CPU
	EndGlobalSection
	GlobalSection(SolutionProperties) = preSolution
		HideSolutionNode = FALSE
	EndGlobalSection
	GlobalSection(ExtensibilityGlobals) = postSolution
		SolutionGuid = {97F77E00-F39A-4437-9A42-466F5A8831D0}
	EndGlobalSection
EndGlobal
