
Microsoft Visual Studio Solution File, Format Version 12.00
# Visual Studio Version 17
VisualStudioVersion = 17.8.34309.116
MinimumVisualStudioVersion = 10.0.40219.1
Project("{FAE04EC0-301F-11D3-BF4B-00C04F79EFBC}") = "TesteDBFirst", "TesteDBFirst\TesteDBFirst.csproj", "{2BE8E492-157D-4D88-A35E-63386CC5B7CB}"
EndProject
Global
	GlobalSection(SolutionConfigurationPlatforms) = preSolution
		Debug|Any CPU = Debug|Any CPU
		Release|Any CPU = Release|Any CPU
	EndGlobalSection
	GlobalSection(ProjectConfigurationPlatforms) = postSolution
		{2BE8E492-157D-4D88-A35E-63386CC5B7CB}.Debug|Any CPU.ActiveCfg = Debug|Any CPU
		{2BE8E492-157D-4D88-A35E-63386CC5B7CB}.Debug|Any CPU.Build.0 = Debug|Any CPU
		{2BE8E492-157D-4D88-A35E-63386CC5B7CB}.Release|Any CPU.ActiveCfg = Release|Any CPU
		{2BE8E492-157D-4D88-A35E-63386CC5B7CB}.Release|Any CPU.Build.0 = Release|Any CPU
	EndGlobalSection
	GlobalSection(SolutionProperties) = preSolution
		HideSolutionNode = FALSE
	EndGlobalSection
	GlobalSection(ExtensibilityGlobals) = postSolution
		SolutionGuid = {8B1C1334-6AEA-47A7-BCC9-6B04E9BEC632}
	EndGlobalSection
EndGlobal
